
Microsoft Visual Studio Solution File, Format Version 12.00
# Visual Studio Version 17
VisualStudioVersion = 17.8.34212.112
MinimumVisualStudioVersion = 10.0.40219.1
Project("{FAE04EC0-301F-11D3-BF4B-00C04F79EFBC}") = "VAP_API", "VAP_API.csproj", "{E9FD9CE3-926C-425B-87D1-684AC4CA7200}"
EndProject
Global
	GlobalSection(SolutionConfigurationPlatforms) = preSolution
		Debug|Any CPU = Debug|Any CPU
		Release|Any CPU = Release|Any CPU
	EndGlobalSection
	GlobalSection(ProjectConfigurationPlatforms) = postSolution
		{E9FD9CE3-926C-425B-87D1-684AC4CA7200}.Debug|Any CPU.ActiveCfg = Debug|Any CPU
		{E9FD9CE3-926C-425B-87D1-684AC4CA7200}.Debug|Any CPU.Build.0 = Debug|Any CPU
		{E9FD9CE3-926C-425B-87D1-684AC4CA7200}.Release|Any CPU.ActiveCfg = Release|Any CPU
		{E9FD9CE3-926C-425B-87D1-684AC4CA7200}.Release|Any CPU.Build.0 = Release|Any CPU
	EndGlobalSection
	GlobalSection(SolutionProperties) = preSolution
		HideSolutionNode = FALSE
	EndGlobalSection
	GlobalSection(ExtensibilityGlobals) = postSolution
		SolutionGuid = {C5A020C6-A036-4E80-ADB4-E8DFFB1F42F0}
	EndGlobalSection
EndGlobal
